
Microsoft Visual Studio Solution File, Format Version 12.00
# Visual Studio Version 16
VisualStudioVersion = 16.0.29806.167
MinimumVisualStudioVersion = 10.0.40219.1
Project("{FAE04EC0-301F-11D3-BF4B-00C04F79EFBC}") = "Software_app", "Software_app\Software_app.csproj", "{10CAE157-1F7A-4388-AACA-3650AE89D811}"
EndProject
Global
	GlobalSection(SolutionConfigurationPlatforms) = preSolution
		Debug|Any CPU = Debug|Any CPU
		Release|Any CPU = Release|Any CPU
	EndGlobalSection
	GlobalSection(ProjectConfigurationPlatforms) = postSolution
		{10CAE157-1F7A-4388-AACA-3650AE89D811}.Debug|Any CPU.ActiveCfg = Debug|Any CPU
		{10CAE157-1F7A-4388-AACA-3650AE89D811}.Debug|Any CPU.Build.0 = Debug|Any CPU
		{10CAE157-1F7A-4388-AACA-3650AE89D811}.Release|Any CPU.ActiveCfg = Release|Any CPU
		{10CAE157-1F7A-4388-AACA-3650AE89D811}.Release|Any CPU.Build.0 = Release|Any CPU
	EndGlobalSection
	GlobalSection(SolutionProperties) = preSolution
		HideSolutionNode = FALSE
	EndGlobalSection
	GlobalSection(ExtensibilityGlobals) = postSolution
		SolutionGuid = {5831221E-05FD-4BF5-AEE7-F10C9E29CBD6}
	EndGlobalSection
EndGlobal
